# This file is automatically @generated by Cargo.
# It is not intended for manual editing.
version = 3

[[package]]
name = "future"
version = "0.1.0"
dependencies = [
 "poll",
]

[[package]]
name = "generator"
version = "0.1.0"

[[package]]
name = "pinning"
version = "0.1.0"

[[package]]
name = "poll"
version = "0.1.0"

[[package]]
name = "reactor_executor"
version = "0.1.0"
dependencies = [
 "poll",
]

[[package]]
name = "waker"
version = "0.1.0"
dependencies = [
 "poll",
]
